
Microsoft Visual Studio Solution File, Format Version 12.00
# Visual Studio Version 17
VisualStudioVersion = 17.8.34511.84
MinimumVisualStudioVersion = 10.0.40219.1
Project("{FAE04EC0-301F-11D3-BF4B-00C04F79EFBC}") = "Quanlynhahang", "Quanlynhahang\Quanlynhahang.csproj", "{2C1984EB-D557-4508-A721-194151CF038F}"
EndProject
Global
	GlobalSection(SolutionConfigurationPlatforms) = preSolution
		Debug|Any CPU = Debug|Any CPU
		Release|Any CPU = Release|Any CPU
	EndGlobalSection
	GlobalSection(ProjectConfigurationPlatforms) = postSolution
		{2C1984EB-D557-4508-A721-194151CF038F}.Debug|Any CPU.ActiveCfg = Debug|Any CPU
		{2C1984EB-D557-4508-A721-194151CF038F}.Debug|Any CPU.Build.0 = Debug|Any CPU
		{2C1984EB-D557-4508-A721-194151CF038F}.Release|Any CPU.ActiveCfg = Release|Any CPU
		{2C1984EB-D557-4508-A721-194151CF038F}.Release|Any CPU.Build.0 = Release|Any CPU
	EndGlobalSection
	GlobalSection(SolutionProperties) = preSolution
		HideSolutionNode = FALSE
	EndGlobalSection
	GlobalSection(ExtensibilityGlobals) = postSolution
		SolutionGuid = {DA64545A-E077-4E11-BD2E-04C7114CD1DE}
	EndGlobalSection
EndGlobal
